
Microsoft Visual Studio Solution File, Format Version 12.00
# Visual Studio 14
VisualStudioVersion = 14.0.25420.1
MinimumVisualStudioVersion = 10.0.40219.1
Project("{FAE04EC0-301F-11D3-BF4B-00C04F79EFBC}") = "ResultsApp", "ResultsApp\ResultsApp.csproj", "{BC3268F7-E4CD-4D0A-86FD-97A5D636B5F2}"
EndProject
Global
	GlobalSection(SolutionConfigurationPlatforms) = preSolution
		Debug|Any CPU = Debug|Any CPU
		Release|Any CPU = Release|Any CPU
	EndGlobalSection
	GlobalSection(ProjectConfigurationPlatforms) = postSolution
		{BC3268F7-E4CD-4D0A-86FD-97A5D636B5F2}.Debug|Any CPU.ActiveCfg = Debug|Any CPU
		{BC3268F7-E4CD-4D0A-86FD-97A5D636B5F2}.Debug|Any CPU.Build.0 = Debug|Any CPU
		{BC3268F7-E4CD-4D0A-86FD-97A5D636B5F2}.Release|Any CPU.ActiveCfg = Release|Any CPU
		{BC3268F7-E4CD-4D0A-86FD-97A5D636B5F2}.Release|Any CPU.Build.0 = Release|Any CPU
	EndGlobalSection
	GlobalSection(SolutionProperties) = preSolution
		HideSolutionNode = FALSE
	EndGlobalSection
EndGlobal
